
Microsoft Visual Studio Solution File, Format Version 12.00
# Visual Studio Version 16
VisualStudioVersion = 16.0.29519.87
MinimumVisualStudioVersion = 10.0.40219.1
Project("{FAE04EC0-301F-11D3-BF4B-00C04F79EFBC}") = "TodoList.BLL", "BLL\TodoList.BLL.csproj", "{7C1E610A-CB02-4FF9-BBDA-7B5D6E12A4E6}"
EndProject
Project("{FAE04EC0-301F-11D3-BF4B-00C04F79EFBC}") = "TodoList.DAL", "DAL\TodoList.DAL.csproj", "{B4AF1BA2-C5BB-4625-8791-961B0ACF819C}"
EndProject
Project("{FAE04EC0-301F-11D3-BF4B-00C04F79EFBC}") = "TodoList.UI", "TodoList.UI\TodoList.UI.csproj", "{741671DB-A017-458B-A3EC-249B4001EB10}"
EndProject
Global
	GlobalSection(SolutionConfigurationPlatforms) = preSolution
		Debug|Any CPU = Debug|Any CPU
		Release|Any CPU = Release|Any CPU
	EndGlobalSection
	GlobalSection(ProjectConfigurationPlatforms) = postSolution
		{7C1E610A-CB02-4FF9-BBDA-7B5D6E12A4E6}.Debug|Any CPU.ActiveCfg = Debug|Any CPU
		{7C1E610A-CB02-4FF9-BBDA-7B5D6E12A4E6}.Debug|Any CPU.Build.0 = Debug|Any CPU
		{7C1E610A-CB02-4FF9-BBDA-7B5D6E12A4E6}.Release|Any CPU.ActiveCfg = Release|Any CPU
		{7C1E610A-CB02-4FF9-BBDA-7B5D6E12A4E6}.Release|Any CPU.Build.0 = Release|Any CPU
		{B4AF1BA2-C5BB-4625-8791-961B0ACF819C}.Debug|Any CPU.ActiveCfg = Debug|Any CPU
		{B4AF1BA2-C5BB-4625-8791-961B0ACF819C}.Debug|Any CPU.Build.0 = Debug|Any CPU
		{B4AF1BA2-C5BB-4625-8791-961B0ACF819C}.Release|Any CPU.ActiveCfg = Release|Any CPU
		{B4AF1BA2-C5BB-4625-8791-961B0ACF819C}.Release|Any CPU.Build.0 = Release|Any CPU
		{741671DB-A017-458B-A3EC-249B4001EB10}.Debug|Any CPU.ActiveCfg = Debug|Any CPU
		{741671DB-A017-458B-A3EC-249B4001EB10}.Debug|Any CPU.Build.0 = Debug|Any CPU
		{741671DB-A017-458B-A3EC-249B4001EB10}.Release|Any CPU.ActiveCfg = Release|Any CPU
		{741671DB-A017-458B-A3EC-249B4001EB10}.Release|Any CPU.Build.0 = Release|Any CPU
	EndGlobalSection
	GlobalSection(SolutionProperties) = preSolution
		HideSolutionNode = FALSE
	EndGlobalSection
	GlobalSection(ExtensibilityGlobals) = postSolution
		SolutionGuid = {D60AA321-813A-4E82-864D-6E3E8DE28154}
	EndGlobalSection
EndGlobal
